
Microsoft Visual Studio Solution File, Format Version 12.00
# Visual Studio Version 17
VisualStudioVersion = 17.9.34616.47
MinimumVisualStudioVersion = 10.0.40219.1
Project("{FAE04EC0-301F-11D3-BF4B-00C04F79EFBC}") = "Assignment - 1", "Assignment - 1.csproj", "{DDEBB231-D697-456A-A07C-80095FDC56C3}"
EndProject
Global
	GlobalSection(SolutionConfigurationPlatforms) = preSolution
		Debug|Any CPU = Debug|Any CPU
		Release|Any CPU = Release|Any CPU
	EndGlobalSection
	GlobalSection(ProjectConfigurationPlatforms) = postSolution
		{DDEBB231-D697-456A-A07C-80095FDC56C3}.Debug|Any CPU.ActiveCfg = Debug|Any CPU
		{DDEBB231-D697-456A-A07C-80095FDC56C3}.Debug|Any CPU.Build.0 = Debug|Any CPU
		{DDEBB231-D697-456A-A07C-80095FDC56C3}.Release|Any CPU.ActiveCfg = Release|Any CPU
		{DDEBB231-D697-456A-A07C-80095FDC56C3}.Release|Any CPU.Build.0 = Release|Any CPU
	EndGlobalSection
	GlobalSection(SolutionProperties) = preSolution
		HideSolutionNode = FALSE
	EndGlobalSection
	GlobalSection(ExtensibilityGlobals) = postSolution
		SolutionGuid = {142560F6-2179-4ABF-B591-2C38FF426704}
	EndGlobalSection
EndGlobal
