
Microsoft Visual Studio Solution File, Format Version 12.00
# Visual Studio Version 17
VisualStudioVersion = 17.13.35913.81 d17.13
MinimumVisualStudioVersion = 10.0.40219.1
Project("{FAE04EC0-301F-11D3-BF4B-00C04F79EFBC}") = "WebCRUDusingList", "WebCRUDusingList.csproj", "{F4B31A2A-C82E-4C4B-ADD2-B7B8009E93E0}"
EndProject
Global
	GlobalSection(SolutionConfigurationPlatforms) = preSolution
		Debug|Any CPU = Debug|Any CPU
		Release|Any CPU = Release|Any CPU
	EndGlobalSection
	GlobalSection(ProjectConfigurationPlatforms) = postSolution
		{F4B31A2A-C82E-4C4B-ADD2-B7B8009E93E0}.Debug|Any CPU.ActiveCfg = Debug|Any CPU
		{F4B31A2A-C82E-4C4B-ADD2-B7B8009E93E0}.Debug|Any CPU.Build.0 = Debug|Any CPU
		{F4B31A2A-C82E-4C4B-ADD2-B7B8009E93E0}.Release|Any CPU.ActiveCfg = Release|Any CPU
		{F4B31A2A-C82E-4C4B-ADD2-B7B8009E93E0}.Release|Any CPU.Build.0 = Release|Any CPU
	EndGlobalSection
	GlobalSection(SolutionProperties) = preSolution
		HideSolutionNode = FALSE
	EndGlobalSection
	GlobalSection(ExtensibilityGlobals) = postSolution
		SolutionGuid = {45D925A0-2451-4E2E-BE77-5B14ABA63F11}
	EndGlobalSection
EndGlobal
