
Microsoft Visual Studio Solution File, Format Version 12.00
# Visual Studio Version 17
VisualStudioVersion = 17.13.35913.81 d17.13
MinimumVisualStudioVersion = 10.0.40219.1
Project("{FAE04EC0-301F-11D3-BF4B-00C04F79EFBC}") = "CustomExceptions", "CustomExceptions.csproj", "{25D10598-D73A-47B6-B1C3-E4F7EAFE1EA9}"
EndProject
Global
	GlobalSection(SolutionConfigurationPlatforms) = preSolution
		Debug|Any CPU = Debug|Any CPU
		Release|Any CPU = Release|Any CPU
	EndGlobalSection
	GlobalSection(ProjectConfigurationPlatforms) = postSolution
		{25D10598-D73A-47B6-B1C3-E4F7EAFE1EA9}.Debug|Any CPU.ActiveCfg = Debug|Any CPU
		{25D10598-D73A-47B6-B1C3-E4F7EAFE1EA9}.Debug|Any CPU.Build.0 = Debug|Any CPU
		{25D10598-D73A-47B6-B1C3-E4F7EAFE1EA9}.Release|Any CPU.ActiveCfg = Release|Any CPU
		{25D10598-D73A-47B6-B1C3-E4F7EAFE1EA9}.Release|Any CPU.Build.0 = Release|Any CPU
	EndGlobalSection
	GlobalSection(SolutionProperties) = preSolution
		HideSolutionNode = FALSE
	EndGlobalSection
	GlobalSection(ExtensibilityGlobals) = postSolution
		SolutionGuid = {090ACF6A-8141-4B91-B386-499138C31BCC}
	EndGlobalSection
EndGlobal
