
Microsoft Visual Studio Solution File, Format Version 12.00
# Visual Studio Version 17
VisualStudioVersion = 17.13.35913.81 d17.13
MinimumVisualStudioVersion = 10.0.40219.1
Project("{FAE04EC0-301F-11D3-BF4B-00C04F79EFBC}") = "CRUDInWinForm", "CRUDInWinForm.csproj", "{DEEC3A6D-305F-4AA2-BA7A-D710E699D08E}"
EndProject
Global
	GlobalSection(SolutionConfigurationPlatforms) = preSolution
		Debug|Any CPU = Debug|Any CPU
		Release|Any CPU = Release|Any CPU
	EndGlobalSection
	GlobalSection(ProjectConfigurationPlatforms) = postSolution
		{DEEC3A6D-305F-4AA2-BA7A-D710E699D08E}.Debug|Any CPU.ActiveCfg = Debug|Any CPU
		{DEEC3A6D-305F-4AA2-BA7A-D710E699D08E}.Debug|Any CPU.Build.0 = Debug|Any CPU
		{DEEC3A6D-305F-4AA2-BA7A-D710E699D08E}.Release|Any CPU.ActiveCfg = Release|Any CPU
		{DEEC3A6D-305F-4AA2-BA7A-D710E699D08E}.Release|Any CPU.Build.0 = Release|Any CPU
	EndGlobalSection
	GlobalSection(SolutionProperties) = preSolution
		HideSolutionNode = FALSE
	EndGlobalSection
	GlobalSection(ExtensibilityGlobals) = postSolution
		SolutionGuid = {8B61AB0F-8923-4A89-9DA1-327FEC26AC78}
	EndGlobalSection
EndGlobal
