
Microsoft Visual Studio Solution File, Format Version 12.00
# Visual Studio Version 17
VisualStudioVersion = 17.13.35913.81 d17.13
MinimumVisualStudioVersion = 10.0.40219.1
Project("{FAE04EC0-301F-11D3-BF4B-00C04F79EFBC}") = "11a", "11a.csproj", "{DE1D83AD-C365-4296-AF8A-66842ADFCAE3}"
EndProject
Global
	GlobalSection(SolutionConfigurationPlatforms) = preSolution
		Debug|Any CPU = Debug|Any CPU
		Release|Any CPU = Release|Any CPU
	EndGlobalSection
	GlobalSection(ProjectConfigurationPlatforms) = postSolution
		{DE1D83AD-C365-4296-AF8A-66842ADFCAE3}.Debug|Any CPU.ActiveCfg = Debug|Any CPU
		{DE1D83AD-C365-4296-AF8A-66842ADFCAE3}.Debug|Any CPU.Build.0 = Debug|Any CPU
		{DE1D83AD-C365-4296-AF8A-66842ADFCAE3}.Release|Any CPU.ActiveCfg = Release|Any CPU
		{DE1D83AD-C365-4296-AF8A-66842ADFCAE3}.Release|Any CPU.Build.0 = Release|Any CPU
	EndGlobalSection
	GlobalSection(SolutionProperties) = preSolution
		HideSolutionNode = FALSE
	EndGlobalSection
	GlobalSection(ExtensibilityGlobals) = postSolution
		SolutionGuid = {64E179B2-F37C-43C6-8A4A-C2AC7388BE6B}
	EndGlobalSection
EndGlobal
