
Microsoft Visual Studio Solution File, Format Version 12.00
# Visual Studio Version 17
VisualStudioVersion = 17.13.35913.81 d17.13
MinimumVisualStudioVersion = 10.0.40219.1
Project("{FAE04EC0-301F-11D3-BF4B-00C04F79EFBC}") = "CRUD1", "CRUD1.csproj", "{14E7BBB8-BF35-4F48-BC83-D35F2F25427E}"
EndProject
Global
	GlobalSection(SolutionConfigurationPlatforms) = preSolution
		Debug|Any CPU = Debug|Any CPU
		Release|Any CPU = Release|Any CPU
	EndGlobalSection
	GlobalSection(ProjectConfigurationPlatforms) = postSolution
		{14E7BBB8-BF35-4F48-BC83-D35F2F25427E}.Debug|Any CPU.ActiveCfg = Debug|Any CPU
		{14E7BBB8-BF35-4F48-BC83-D35F2F25427E}.Debug|Any CPU.Build.0 = Debug|Any CPU
		{14E7BBB8-BF35-4F48-BC83-D35F2F25427E}.Release|Any CPU.ActiveCfg = Release|Any CPU
		{14E7BBB8-BF35-4F48-BC83-D35F2F25427E}.Release|Any CPU.Build.0 = Release|Any CPU
	EndGlobalSection
	GlobalSection(SolutionProperties) = preSolution
		HideSolutionNode = FALSE
	EndGlobalSection
	GlobalSection(ExtensibilityGlobals) = postSolution
		SolutionGuid = {D2BAB5BF-B7BA-4563-B71E-0B336FC23223}
	EndGlobalSection
EndGlobal
