
Microsoft Visual Studio Solution File, Format Version 12.00
# Visual Studio Version 17
VisualStudioVersion = 17.4.33205.214
MinimumVisualStudioVersion = 10.0.40219.1
Project("{FAE04EC0-301F-11D3-BF4B-00C04F79EFBC}") = "Q4", "Q4\Q4.csproj", "{65839F0C-2751-4B78-8F62-2F17ED0D34F6}"
EndProject
Global
	GlobalSection(SolutionConfigurationPlatforms) = preSolution
		Debug|Any CPU = Debug|Any CPU
		Release|Any CPU = Release|Any CPU
	EndGlobalSection
	GlobalSection(ProjectConfigurationPlatforms) = postSolution
		{65839F0C-2751-4B78-8F62-2F17ED0D34F6}.Debug|Any CPU.ActiveCfg = Debug|Any CPU
		{65839F0C-2751-4B78-8F62-2F17ED0D34F6}.Debug|Any CPU.Build.0 = Debug|Any CPU
		{65839F0C-2751-4B78-8F62-2F17ED0D34F6}.Release|Any CPU.ActiveCfg = Release|Any CPU
		{65839F0C-2751-4B78-8F62-2F17ED0D34F6}.Release|Any CPU.Build.0 = Release|Any CPU
	EndGlobalSection
	GlobalSection(SolutionProperties) = preSolution
		HideSolutionNode = FALSE
	EndGlobalSection
	GlobalSection(ExtensibilityGlobals) = postSolution
		SolutionGuid = {A445327E-6171-465B-90CB-5D0DD3B0DA3F}
	EndGlobalSection
EndGlobal
