
Microsoft Visual Studio Solution File, Format Version 12.00
# Visual Studio Version 17
VisualStudioVersion = 17.13.35913.81 d17.13
MinimumVisualStudioVersion = 10.0.40219.1
Project("{FAE04EC0-301F-11D3-BF4B-00C04F79EFBC}") = "CRUDusingListinForms", "CRUDusingListinForms.csproj", "{5213668E-4A4A-4377-A343-01C1D2307897}"
EndProject
Global
	GlobalSection(SolutionConfigurationPlatforms) = preSolution
		Debug|Any CPU = Debug|Any CPU
		Release|Any CPU = Release|Any CPU
	EndGlobalSection
	GlobalSection(ProjectConfigurationPlatforms) = postSolution
		{5213668E-4A4A-4377-A343-01C1D2307897}.Debug|Any CPU.ActiveCfg = Debug|Any CPU
		{5213668E-4A4A-4377-A343-01C1D2307897}.Debug|Any CPU.Build.0 = Debug|Any CPU
		{5213668E-4A4A-4377-A343-01C1D2307897}.Release|Any CPU.ActiveCfg = Release|Any CPU
		{5213668E-4A4A-4377-A343-01C1D2307897}.Release|Any CPU.Build.0 = Release|Any CPU
	EndGlobalSection
	GlobalSection(SolutionProperties) = preSolution
		HideSolutionNode = FALSE
	EndGlobalSection
	GlobalSection(ExtensibilityGlobals) = postSolution
		SolutionGuid = {5021D392-5CEC-4970-9AC0-785DE816ADA4}
	EndGlobalSection
EndGlobal
