
Microsoft Visual Studio Solution File, Format Version 12.00
# Visual Studio Version 17
VisualStudioVersion = 17.13.35913.81 d17.13
MinimumVisualStudioVersion = 10.0.40219.1
Project("{FAE04EC0-301F-11D3-BF4B-00C04F79EFBC}") = "MultipleTableCRUD", "MultipleTableCRUD.csproj", "{D662453C-9D5C-4BC3-9071-A071F8EBCCC2}"
EndProject
Global
	GlobalSection(SolutionConfigurationPlatforms) = preSolution
		Debug|Any CPU = Debug|Any CPU
		Release|Any CPU = Release|Any CPU
	EndGlobalSection
	GlobalSection(ProjectConfigurationPlatforms) = postSolution
		{D662453C-9D5C-4BC3-9071-A071F8EBCCC2}.Debug|Any CPU.ActiveCfg = Debug|Any CPU
		{D662453C-9D5C-4BC3-9071-A071F8EBCCC2}.Debug|Any CPU.Build.0 = Debug|Any CPU
		{D662453C-9D5C-4BC3-9071-A071F8EBCCC2}.Release|Any CPU.ActiveCfg = Release|Any CPU
		{D662453C-9D5C-4BC3-9071-A071F8EBCCC2}.Release|Any CPU.Build.0 = Release|Any CPU
	EndGlobalSection
	GlobalSection(SolutionProperties) = preSolution
		HideSolutionNode = FALSE
	EndGlobalSection
	GlobalSection(ExtensibilityGlobals) = postSolution
		SolutionGuid = {5D6B60E1-3922-4792-B29F-8620B4D4E1F8}
	EndGlobalSection
EndGlobal
